
Microsoft Visual Studio Solution File, Format Version 12.00
# Visual Studio Version 17
VisualStudioVersion = 17.3.32929.385
MinimumVisualStudioVersion = 10.0.40219.1
Project("{FAE04EC0-301F-11D3-BF4B-00C04F79EFBC}") = "ControleDeEstoque", "ControleDeEstoque\ControleDeEstoque.csproj", "{1D2C4272-3A04-4191-958F-D1597729F129}"
EndProject
Global
	GlobalSection(SolutionConfigurationPlatforms) = preSolution
		Debug|Any CPU = Debug|Any CPU
		Release|Any CPU = Release|Any CPU
	EndGlobalSection
	GlobalSection(ProjectConfigurationPlatforms) = postSolution
		{1D2C4272-3A04-4191-958F-D1597729F129}.Debug|Any CPU.ActiveCfg = Debug|Any CPU
		{1D2C4272-3A04-4191-958F-D1597729F129}.Debug|Any CPU.Build.0 = Debug|Any CPU
		{1D2C4272-3A04-4191-958F-D1597729F129}.Release|Any CPU.ActiveCfg = Release|Any CPU
		{1D2C4272-3A04-4191-958F-D1597729F129}.Release|Any CPU.Build.0 = Release|Any CPU
	EndGlobalSection
	GlobalSection(SolutionProperties) = preSolution
		HideSolutionNode = FALSE
	EndGlobalSection
	GlobalSection(ExtensibilityGlobals) = postSolution
		SolutionGuid = {35D80DF7-BC26-42C0-8260-F86406D4EC9A}
	EndGlobalSection
EndGlobal
